
Microsoft Visual Studio Solution File, Format Version 12.00
# Visual Studio Version 17
VisualStudioVersion = 17.11.35222.181
MinimumVisualStudioVersion = 10.0.40219.1
Project("{9A19103F-16F7-4668-BE54-9A1E7A4F7556}") = "SendEmail.Api", "SendEmail.Api\SendEmail.Api.csproj", "{79C3544B-92B2-4FA9-9307-A0A06C352F41}"
EndProject
Project("{FAE04EC0-301F-11D3-BF4B-00C04F79EFBC}") = "SendEmail.Api.Data", "SendEmail.Api.Data\SendEmail.Api.Data.csproj", "{1902A002-F430-4E25-B7FF-5D55E2CADDFA}"
EndProject
Project("{FAE04EC0-301F-11D3-BF4B-00C04F79EFBC}") = "SendEmail.Api.Business", "SendEmail.Api.Business\SendEmail.Api.Business.csproj", "{8D9389EC-1C67-423B-B473-CABE580D536F}"
EndProject
Global
	GlobalSection(SolutionConfigurationPlatforms) = preSolution
		Debug|Any CPU = Debug|Any CPU
		Release|Any CPU = Release|Any CPU
	EndGlobalSection
	GlobalSection(ProjectConfigurationPlatforms) = postSolution
		{79C3544B-92B2-4FA9-9307-A0A06C352F41}.Debug|Any CPU.ActiveCfg = Debug|Any CPU
		{79C3544B-92B2-4FA9-9307-A0A06C352F41}.Debug|Any CPU.Build.0 = Debug|Any CPU
		{79C3544B-92B2-4FA9-9307-A0A06C352F41}.Release|Any CPU.ActiveCfg = Release|Any CPU
		{79C3544B-92B2-4FA9-9307-A0A06C352F41}.Release|Any CPU.Build.0 = Release|Any CPU
		{1902A002-F430-4E25-B7FF-5D55E2CADDFA}.Debug|Any CPU.ActiveCfg = Debug|Any CPU
		{1902A002-F430-4E25-B7FF-5D55E2CADDFA}.Debug|Any CPU.Build.0 = Debug|Any CPU
		{1902A002-F430-4E25-B7FF-5D55E2CADDFA}.Release|Any CPU.ActiveCfg = Release|Any CPU
		{1902A002-F430-4E25-B7FF-5D55E2CADDFA}.Release|Any CPU.Build.0 = Release|Any CPU
		{8D9389EC-1C67-423B-B473-CABE580D536F}.Debug|Any CPU.ActiveCfg = Debug|Any CPU
		{8D9389EC-1C67-423B-B473-CABE580D536F}.Debug|Any CPU.Build.0 = Debug|Any CPU
		{8D9389EC-1C67-423B-B473-CABE580D536F}.Release|Any CPU.ActiveCfg = Release|Any CPU
		{8D9389EC-1C67-423B-B473-CABE580D536F}.Release|Any CPU.Build.0 = Release|Any CPU
	EndGlobalSection
	GlobalSection(SolutionProperties) = preSolution
		HideSolutionNode = FALSE
	EndGlobalSection
	GlobalSection(ExtensibilityGlobals) = postSolution
		SolutionGuid = {9DF113CF-2C60-42BE-8BCB-741077F99396}
	EndGlobalSection
EndGlobal
